// !$*UTF8*$!
{
	archiveVersion = 1;
	classes = {
	};
	objectVersion = 46;
	objects = {

/* Begin PBXBuildFile section */
		6A10346B1AFD3EAE00A5A864 /* main.m in Sources */ = {isa = PBXBuildFile; fileRef = 6A10346A1AFD3EAE00A5A864 /* main.m */; };
		6A1034731AFD3F2900A5A864 /* BNRPerson.m in Sources */ = {isa = PBXBuildFile; fileRef = 6A1034721AFD3F2900A5A864 /* BNRPerson.m */; };
		6A10348C1AFD503200A5A864 /* BNREmployee.m in Sources */ = {isa = PBXBuildFile; fileRef = 6A10348B1AFD503200A5A864 /* BNREmployee.m */; };
/* End PBXBuildFile section */

/* Begin PBXCopyFilesBuildPhase section */
		6A1034651AFD3EAE00A5A864 /* CopyFiles */ = {
			isa = PBXCopyFilesBuildPhase;
			buildActionMask = 2147483647;
			dstPath = /usr/share/man/man1/;
			dstSubfolderSpec = 0;
			files = (
			);
			runOnlyForDeploymentPostprocessing = 1;
		};
/* End PBXCopyFilesBuildPhase section */

/* Begin PBXFileReference section */
		6A1034671AFD3EAE00A5A864 /* bmitime */ = {isa = PBXFileReference; explicitFileType = "compiled.mach-o.executable"; includeInIndex = 0; path = bmitime; sourceTree = BUILT_PRODUCTS_DIR; };
		6A10346A1AFD3EAE00A5A864 /* main.m */ = {isa = PBXFileReference; lastKnownFileType = sourcecode.c.objc; path = main.m; sourceTree = "<group>"; };
		6A1034711AFD3F2900A5A864 /* BNRPerson.h */ = {isa = PBXFileReference; fileEncoding = 4; lastKnownFileType = sourcecode.c.h; path = BNRPerson.h; sourceTree = "<group>"; };
		6A1034721AFD3F2900A5A864 /* BNRPerson.m */ = {isa = PBXFileReference; fileEncoding = 4; lastKnownFileType = sourcecode.c.objc; path = BNRPerson.m; sourceTree = "<group>"; };
		6A10348A1AFD503200A5A864 /* BNREmployee.h */ = {isa = PBXFileReference; fileEncoding = 4; lastKnownFileType = sourcecode.c.h; path = BNREmployee.h; sourceTree = "<group>"; };
		6A10348B1AFD503200A5A864 /* BNREmployee.m */ = {isa = PBXFileReference; fileEncoding = 4; lastKnownFileType = sourcecode.c.objc; path = BNREmployee.m; sourceTree = "<group>"; };
/* End PBXFileReference section */

/* Begin PBXFrameworksBuildPhase section */
		6A1034641AFD3EAE00A5A864 /* Frameworks */ = {
			isa = PBXFrameworksBuildPhase;
			buildActionMask = 2147483647;
			files = (
			);
			runOnlyForDeploymentPostprocessing = 0;
		};
/* End PBXFrameworksBuildPhase section */

/* Begin PBXGroup section */
		6A10345E1AFD3EAE00A5A864 = {
			isa = PBXGroup;
			children = (
				6A1034691AFD3EAE00A5A864 /* bmitime */,
				6A1034681AFD3EAE00A5A864 /* Products */,
			);
			sourceTree = "<group>";
		};
		6A1034681AFD3EAE00A5A864 /* Products */ = {
			isa = PBXGroup;
			children = (
				6A1034671AFD3EAE00A5A864 /* bmitime */,
			);
			name = Products;
			sourceTree = "<group>";
		};
		6A1034691AFD3EAE00A5A864 /* bmitime */ = {
			isa = PBXGroup;
			children = (
				6A10346A1AFD3EAE00A5A864 /* main.m */,
				6A10348A1AFD503200A5A864 /* BNREmployee.h */,
				6A10348B1AFD503200A5A864 /* BNREmployee.m */,
				6A1034711AFD3F2900A5A864 /* BNRPerson.h */,
				6A1034721AFD3F2900A5A864 /* BNRPerson.m */,
			);
			path = bmitime;
			sourceTree = "<group>";
		};
/* End PBXGroup section */

/* Begin PBXNativeTarget section */
		6A1034661AFD3EAE00A5A864 /* bmitime */ = {
			isa = PBXNativeTarget;
			buildConfigurationList = 6A10346E1AFD3EAE00A5A864 /* Build configuration list for PBXNativeTarget "bmitime" */;
			buildPhases = (
				6A1034631AFD3EAE00A5A864 /* Sources */,
				6A1034641AFD3EAE00A5A864 /* Frameworks */,
				6A1034651AFD3EAE00A5A864 /* CopyFiles */,
			);
			buildRules = (
			);
			dependencies = (
			);
			name = bmitime;
			productName = bmitime;
			productReference = 6A1034671AFD3EAE00A5A864 /* bmitime */;
			productType = "com.apple.product-type.tool";
		};
/* End PBXNativeTarget section */

/* Begin PBXProject section */
		6A10345F1AFD3EAE00A5A864 /* Project object */ = {
			isa = PBXProject;
			attributes = {
				LastUpgradeCheck = 0630;
				ORGANIZATIONNAME = "Donald Steinert";
				TargetAttributes = {
					6A1034661AFD3EAE00A5A864 = {
						CreatedOnToolsVersion = 6.3;
					};
				};
			};
			buildConfigurationList = 6A1034621AFD3EAE00A5A864 /* Build configuration list for PBXProject "bmitime" */;
			compatibilityVersion = "Xcode 3.2";
			developmentRegion = English;
			hasScannedForEncodings = 0;
			knownRegions = (
				en,
			);
			mainGroup = 6A10345E1AFD3EAE00A5A864;
			productRefGroup = 6A1034681AFD3EAE00A5A864 /* Products */;
			projectDirPath = "";
			projectRoot = "";
			targets = (
				6A1034661AFD3EAE00A5A864 /* bmitime */,
			);
		};
/* End PBXProject section */

/* Begin PBXSourcesBuildPhase section */
		6A1034631AFD3EAE00A5A864 /* Sources */ = {
			isa = PBXSourcesBuildPhase;
			buildActionMask = 2147483647;
			files = (
				6A10348C1AFD503200A5A864 /* BNREmployee.m in Sources */,
				6A10346B1AFD3EAE00A5A864 /* main.m in Sources */,
				6A1034731AFD3F2900A5A864 /* BNRPerson.m in Sources */,
			);
			runOnlyForDeploymentPostprocessing = 0;
		};
/* End PBXSourcesBuildPhase section */

/* Begin XCBuildConfiguration section */
		6A10346C1AFD3EAE00A5A864 /* Debug */ = {
			isa = XCBuildConfiguration;
			buildSettings = {
				ALWAYS_SEARCH_USER_PATHS = NO;
				CLANG_CXX_LANGUAGE_STANDARD = "gnu++0x";
				CLANG_CXX_LIBRARY = "libc++";
				CLANG_ENABLE_MODULES = YES;
				CLANG_ENABLE_OBJC_ARC = YES;
				CLANG_WARN_BOOL_CONVERSION = YES;
				CLANG_WARN_CONSTANT_CONVERSION = YES;
				CLANG_WARN_DIRECT_OBJC_ISA_USAGE = YES_ERROR;
				CLANG_WARN_EMPTY_BODY = YES;
				CLANG_WARN_ENUM_CONVERSION = YES;
				CLANG_WARN_INT_CONVERSION = YES;
				CLANG_WARN_OBJC_ROOT_CLASS = YES_ERROR;
				CLANG_WARN_UNREACHABLE_CODE = YES;
				CLANG_WARN__DUPLICATE_METHOD_MATCH = YES;
				COPY_PHASE_STRIP = NO;
				DEBUG_INFORMATION_FORMAT = dwarf;
				ENABLE_STRICT_OBJC_MSGSEND = YES;
				GCC_C_LANGUAGE_STANDARD = gnu99;
				GCC_DYNAMIC_NO_PIC = NO;
				GCC_NO_COMMON_BLOCKS = YES;
				GCC_OPTIMIZATION_LEVEL = 0;
				GCC_PREPROCESSOR_DEFINITIONS = (
					"DEBUG=1",
					"$(inherited)",
				);
				GCC_SYMBOLS_PRIVATE_EXTERN = NO;
				GCC_WARN_64_TO_32_BIT_CONVERSION = YES;
				GCC_WARN_ABOUT_RETURN_TYPE = YES_ERROR;
				GCC_WARN_UNDECLARED_SELECTOR = YES;
				GCC_WARN_UNINITIALIZED_AUTOS = YES_AGGRESSIVE;
				GCC_WARN_UNUSED_FUNCTION = YES;
				GCC_WARN_UNUSED_VARIABLE = YES;
				MACOSX_DEPLOYMENT_TARGET = 10.10;
				MTL_ENABLE_DEBUG_INFO = YES;
				ONLY_ACTIVE_ARCH = YES;
				SDKROOT = macosx;
			};
			name = Debug;
		};
		6A10346D1AFD3EAE00A5A864 /* Release */ = {
			isa = XCBuildConfiguration;
			buildSettings = {
				ALWAYS_SEARCH_USER_PATHS = NO;
				CLANG_CXX_LANGUAGE_STANDARD = "gnu++0x";
				CLANG_CXX_LIBRARY = "libc++";
				CLANG_ENABLE_MODULES = YES;
				CLANG_ENABLE_OBJC_ARC = YES;
				CLANG_WARN_BOOL_CONVERSION = YES;
				CLANG_WARN_CONSTANT_CONVERSION = YES;
				CLANG_WARN_DIRECT_OBJC_ISA_USAGE = YES_ERROR;
				CLANG_WARN_EMPTY_BODY = YES;
				CLANG_WARN_ENUM_CONVERSION = YES;
				CLANG_WARN_INT_CONVERSION = YES;
				CLANG_WARN_OBJC_ROOT_CLASS = YES_ERROR;
				CLANG_WARN_UNREACHABLE_CODE = YES;
				CLANG_WARN__DUPLICATE_METHOD_MATCH = YES;
				COPY_PHASE_STRIP = NO;
				DEBUG_INFORMATION_FORMAT = "dwarf-with-dsym";
				ENABLE_NS_ASSERTIONS = NO;
				ENABLE_STRICT_OBJC_MSGSEND = YES;
				GCC_C_LANGUAGE_STANDARD = gnu99;
				GCC_NO_COMMON_BLOCKS = YES;
				GCC_WARN_64_TO_32_BIT_CONVERSION = YES;
				GCC_WARN_ABOUT_RETURN_TYPE = YES_ERROR;
				GCC_WARN_UNDECLARED_SELECTOR = YES;
				GCC_WARN_UNINITIALIZED_AUTOS = YES_AGGRESSIVE;
				GCC_WARN_UNUSED_FUNCTION = YES;
				GCC_WARN_UNUSED_VARIABLE = YES;
				MACOSX_DEPLOYMENT_TARGET = 10.10;
				MTL_ENABLE_DEBUG_INFO = NO;
				SDKROOT = macosx;
			};
			name = Release;
		};
		6A10346F1AFD3EAE00A5A864 /* Debug */ = {
			isa = XCBuildConfiguration;
			buildSettings = {
				PRODUCT_NAME = "$(TARGET_NAME)";
			};
			name = Debug;
		};
		6A1034701AFD3EAE00A5A864 /* Release */ = {
			isa = XCBuildConfiguration;
			buildSettings = {
				PRODUCT_NAME = "$(TARGET_NAME)";
			};
			name = Release;
		};
/* End XCBuildConfiguration section */

/* Begin XCConfigurationList section */
		6A1034621AFD3EAE00A5A864 /* Build configuration list for PBXProject "bmitime" */ = {
			isa = XCConfigurationList;
			buildConfigurations = (
				6A10346C1AFD3EAE00A5A864 /* Debug */,
				6A10346D1AFD3EAE00A5A864 /* Release */,
			);
			defaultConfigurationIsVisible = 0;
			defaultConfigurationName = Release;
		};
		6A10346E1AFD3EAE00A5A864 /* Build configuration list for PBXNativeTarget "bmitime" */ = {
			isa = XCConfigurationList;
			buildConfigurations = (
				6A10346F1AFD3EAE00A5A864 /* Debug */,
				6A1034701AFD3EAE00A5A864 /* Release */,
			);
			defaultConfigurationIsVisible = 0;
			defaultConfigurationName = Release;
		};
/* End XCConfigurationList section */
	};
	rootObject = 6A10345F1AFD3EAE00A5A864 /* Project object */;
}
